
Microsoft Visual Studio Solution File, Format Version 12.00
# Visual Studio Version 17
VisualStudioVersion = 17.0.31903.59
MinimumVisualStudioVersion = 10.0.40219.1
Project("{9A19103F-16F7-4668-BE54-9A1E7A4F7556}") = "Presentation", "1-Apresentacao\Presentation.csproj", "{1834DCDB-58B7-4240-BB5A-B58AD7BB944C}"
EndProject
Project("{9A19103F-16F7-4668-BE54-9A1E7A4F7556}") = "Application", "2-Aplicacao\Application.csproj", "{62F1720B-63DD-4303-832E-189F31BD8CC6}"
EndProject
Project("{9A19103F-16F7-4668-BE54-9A1E7A4F7556}") = "Domain", "3-Domino\Domain.csproj", "{0C73657D-30D1-4087-AEAE-37CD7C019C83}"
EndProject
Project("{9A19103F-16F7-4668-BE54-9A1E7A4F7556}") = "Infrastructure", "4-InfraEstrutura\Infrastructure.csproj", "{AC352321-D373-4E3D-A777-DCDBC3AA9EA1}"
EndProject
Project("{2150E333-8FDC-42A3-9474-1A3956D46DE8}") = "1-Apresentacao", "1-Apresentacao", "{70200B0A-7BB8-4039-96AF-CB20F9406D55}"
EndProject
Project("{2150E333-8FDC-42A3-9474-1A3956D46DE8}") = "2-Aplicacao", "2-Aplicacao", "{582331AC-F0C5-4829-A264-6ECA5FDB8757}"
EndProject
Project("{2150E333-8FDC-42A3-9474-1A3956D46DE8}") = "3-Domino", "3-Domino", "{73602E4F-93E2-41A6-A8B7-87C08AF52BC3}"
EndProject
Project("{2150E333-8FDC-42A3-9474-1A3956D46DE8}") = "4-InfraEstrutura", "4-InfraEstrutura", "{ED49B009-EB6D-4703-8559-411CD4A71C16}"
EndProject
Global
	GlobalSection(SolutionConfigurationPlatforms) = preSolution
		Debug|Any CPU = Debug|Any CPU
		Release|Any CPU = Release|Any CPU
	EndGlobalSection
	GlobalSection(ProjectConfigurationPlatforms) = postSolution
		{1834DCDB-58B7-4240-BB5A-B58AD7BB944C}.Debug|Any CPU.ActiveCfg = Debug|Any CPU
		{1834DCDB-58B7-4240-BB5A-B58AD7BB944C}.Debug|Any CPU.Build.0 = Debug|Any CPU
		{1834DCDB-58B7-4240-BB5A-B58AD7BB944C}.Release|Any CPU.ActiveCfg = Release|Any CPU
		{1834DCDB-58B7-4240-BB5A-B58AD7BB944C}.Release|Any CPU.Build.0 = Release|Any CPU
		{62F1720B-63DD-4303-832E-189F31BD8CC6}.Debug|Any CPU.ActiveCfg = Debug|Any CPU
		{62F1720B-63DD-4303-832E-189F31BD8CC6}.Debug|Any CPU.Build.0 = Debug|Any CPU
		{62F1720B-63DD-4303-832E-189F31BD8CC6}.Release|Any CPU.ActiveCfg = Release|Any CPU
		{62F1720B-63DD-4303-832E-189F31BD8CC6}.Release|Any CPU.Build.0 = Release|Any CPU
		{0C73657D-30D1-4087-AEAE-37CD7C019C83}.Debug|Any CPU.ActiveCfg = Debug|Any CPU
		{0C73657D-30D1-4087-AEAE-37CD7C019C83}.Debug|Any CPU.Build.0 = Debug|Any CPU
		{0C73657D-30D1-4087-AEAE-37CD7C019C83}.Release|Any CPU.ActiveCfg = Release|Any CPU
		{0C73657D-30D1-4087-AEAE-37CD7C019C83}.Release|Any CPU.Build.0 = Release|Any CPU
		{AC352321-D373-4E3D-A777-DCDBC3AA9EA1}.Debug|Any CPU.ActiveCfg = Debug|Any CPU
		{AC352321-D373-4E3D-A777-DCDBC3AA9EA1}.Debug|Any CPU.Build.0 = Debug|Any CPU
		{AC352321-D373-4E3D-A777-DCDBC3AA9EA1}.Release|Any CPU.ActiveCfg = Release|Any CPU
		{AC352321-D373-4E3D-A777-DCDBC3AA9EA1}.Release|Any CPU.Build.0 = Release|Any CPU
	EndGlobalSection
	GlobalSection(SolutionProperties) = preSolution
		HideSolutionNode = FALSE
	EndGlobalSection
	GlobalSection(NestedProjects) = preSolution
		{1834DCDB-58B7-4240-BB5A-B58AD7BB944C} = {70200B0A-7BB8-4039-96AF-CB20F9406D55}
		{62F1720B-63DD-4303-832E-189F31BD8CC6} = {582331AC-F0C5-4829-A264-6ECA5FDB8757}
		{0C73657D-30D1-4087-AEAE-37CD7C019C83} = {73602E4F-93E2-41A6-A8B7-87C08AF52BC3}
		{AC352321-D373-4E3D-A777-DCDBC3AA9EA1} = {ED49B009-EB6D-4703-8559-411CD4A71C16}
	EndGlobalSection
	GlobalSection(ExtensibilityGlobals) = postSolution
		SolutionGuid = {935D2FEE-9B4A-484A-809E-BDE9B9FE29B0}
	EndGlobalSection
EndGlobal
